
Microsoft Visual Studio Solution File, Format Version 12.00
# Visual Studio 15
VisualStudioVersion = 15.0.28307.106
MinimumVisualStudioVersion = 10.0.40219.1
Project("{FAE04EC0-301F-11D3-BF4B-00C04F79EFBC}") = "pt.isel.leic.si2.ConsoleApp", "pt.isel.leic.si2.ConsoleApp\pt.isel.leic.si2.ConsoleApp.csproj", "{61FAC470-A99F-4A3A-8A48-9C9E5A17B172}"
EndProject
Project("{FAE04EC0-301F-11D3-BF4B-00C04F79EFBC}") = "EF", "EF\EF.csproj", "{4062B0FA-4E29-4C0A-8368-AAFCB0DFAF99}"
EndProject
Global
	GlobalSection(SolutionConfigurationPlatforms) = preSolution
		Debug|Any CPU = Debug|Any CPU
		Release|Any CPU = Release|Any CPU
	EndGlobalSection
	GlobalSection(ProjectConfigurationPlatforms) = postSolution
		{61FAC470-A99F-4A3A-8A48-9C9E5A17B172}.Debug|Any CPU.ActiveCfg = Debug|Any CPU
		{61FAC470-A99F-4A3A-8A48-9C9E5A17B172}.Debug|Any CPU.Build.0 = Debug|Any CPU
		{61FAC470-A99F-4A3A-8A48-9C9E5A17B172}.Release|Any CPU.ActiveCfg = Release|Any CPU
		{61FAC470-A99F-4A3A-8A48-9C9E5A17B172}.Release|Any CPU.Build.0 = Release|Any CPU
		{4062B0FA-4E29-4C0A-8368-AAFCB0DFAF99}.Debug|Any CPU.ActiveCfg = Debug|Any CPU
		{4062B0FA-4E29-4C0A-8368-AAFCB0DFAF99}.Debug|Any CPU.Build.0 = Debug|Any CPU
		{4062B0FA-4E29-4C0A-8368-AAFCB0DFAF99}.Release|Any CPU.ActiveCfg = Release|Any CPU
		{4062B0FA-4E29-4C0A-8368-AAFCB0DFAF99}.Release|Any CPU.Build.0 = Release|Any CPU
	EndGlobalSection
	GlobalSection(SolutionProperties) = preSolution
		HideSolutionNode = FALSE
	EndGlobalSection
	GlobalSection(ExtensibilityGlobals) = postSolution
		SolutionGuid = {B2CE69E3-EE23-46F8-82C8-23E5CF799E22}
	EndGlobalSection
EndGlobal
